lockfileVersion: '9.0'

settings:
  autoInstallPeers: true
  excludeLinksFromLockfile: false

importers:

  .:
    dependencies:
      lil-gui:
        specifier: 0.20.0
        version: 0.20.0
      three:
        specifier: 0.170.0
        version: 0.170.0

packages:

  lil-gui@0.20.0:
    resolution: {integrity: sha512-k7Ipr0ztqslMA2XvM5z5ZaWhxQtnEOwJBfI/hmSuRh6q4iMG9L0boqqrnZSzBR1jzyJ28OMl47l65ILzRe1TdA==}

  three@0.170.0:
    resolution: {integrity: sha512-FQK+LEpYc0fBD+J8g6oSEyyNzjp+Q7Ks1C568WWaoMRLW+TkNNWmenWeGgJjV105Gd+p/2ql1ZcjYvNiPZBhuQ==}

snapshots:

  lil-gui@0.20.0: {}

  three@0.170.0: {}
